
Microsoft Visual Studio Solution File, Format Version 12.00
# Visual Studio Version 17
VisualStudioVersion = 17.11.35312.102
MinimumVisualStudioVersion = 10.0.40219.1
Project("{9A19103F-16F7-4668-BE54-9A1E7A4F7556}") = "WatchMarketApp", "WatchMarketApp\WatchMarketApp.csproj", "{717D56F9-3DB8-48B7-9780-4A66A60BDA7C}"
EndProject
Project("{9A19103F-16F7-4668-BE54-9A1E7A4F7556}") = "WatchMarketApp.DataAccess", "WatchMarketApp.DataAccess\WatchMarketApp.DataAccess.csproj", "{84DD5C04-5D83-4398-9BCC-BE347D6CFA26}"
EndProject
Project("{9A19103F-16F7-4668-BE54-9A1E7A4F7556}") = "WatchMarketApp.BusinessLogic", "WatchMarket.BusinessLogic\WatchMarketApp.BusinessLogic.csproj", "{A5194601-4758-43BA-9D6C-FE352130E958}"
EndProject
Project("{E53339B2-1760-4266-BCC7-CA923CBCF16C}") = "docker-compose", "docker-compose.dcproj", "{3F520426-665E-4FC1-B0BA-8F7A7AA67557}"
EndProject
Global
	GlobalSection(SolutionConfigurationPlatforms) = preSolution
		Debug|Any CPU = Debug|Any CPU
		Release|Any CPU = Release|Any CPU
	EndGlobalSection
	GlobalSection(ProjectConfigurationPlatforms) = postSolution
		{717D56F9-3DB8-48B7-9780-4A66A60BDA7C}.Debug|Any CPU.ActiveCfg = Debug|Any CPU
		{717D56F9-3DB8-48B7-9780-4A66A60BDA7C}.Debug|Any CPU.Build.0 = Debug|Any CPU
		{717D56F9-3DB8-48B7-9780-4A66A60BDA7C}.Release|Any CPU.ActiveCfg = Release|Any CPU
		{717D56F9-3DB8-48B7-9780-4A66A60BDA7C}.Release|Any CPU.Build.0 = Release|Any CPU
		{84DD5C04-5D83-4398-9BCC-BE347D6CFA26}.Debug|Any CPU.ActiveCfg = Debug|Any CPU
		{84DD5C04-5D83-4398-9BCC-BE347D6CFA26}.Debug|Any CPU.Build.0 = Debug|Any CPU
		{84DD5C04-5D83-4398-9BCC-BE347D6CFA26}.Release|Any CPU.ActiveCfg = Release|Any CPU
		{84DD5C04-5D83-4398-9BCC-BE347D6CFA26}.Release|Any CPU.Build.0 = Release|Any CPU
		{A5194601-4758-43BA-9D6C-FE352130E958}.Debug|Any CPU.ActiveCfg = Debug|Any CPU
		{A5194601-4758-43BA-9D6C-FE352130E958}.Debug|Any CPU.Build.0 = Debug|Any CPU
		{A5194601-4758-43BA-9D6C-FE352130E958}.Release|Any CPU.ActiveCfg = Release|Any CPU
		{A5194601-4758-43BA-9D6C-FE352130E958}.Release|Any CPU.Build.0 = Release|Any CPU
		{3F520426-665E-4FC1-B0BA-8F7A7AA67557}.Debug|Any CPU.ActiveCfg = Debug|Any CPU
		{3F520426-665E-4FC1-B0BA-8F7A7AA67557}.Debug|Any CPU.Build.0 = Debug|Any CPU
		{3F520426-665E-4FC1-B0BA-8F7A7AA67557}.Release|Any CPU.ActiveCfg = Release|Any CPU
		{3F520426-665E-4FC1-B0BA-8F7A7AA67557}.Release|Any CPU.Build.0 = Release|Any CPU
	EndGlobalSection
	GlobalSection(SolutionProperties) = preSolution
		HideSolutionNode = FALSE
	EndGlobalSection
	GlobalSection(ExtensibilityGlobals) = postSolution
		SolutionGuid = {76E58F5E-A12B-4A26-AB27-9819BE4D6B0C}
	EndGlobalSection
EndGlobal
